
Microsoft Visual Studio Solution File, Format Version 12.00
# Visual Studio 15
VisualStudioVersion = 15.0.28307.168
MinimumVisualStudioVersion = 10.0.40219.1
Project("{FAE04EC0-301F-11D3-BF4B-00C04F79EFBC}") = "HDtoSD", "HDtoSD.csproj", "{E48B18E8-D743-47D8-8858-4C814837E8EC}"
EndProject
Global
	GlobalSection(SolutionConfigurationPlatforms) = preSolution
		Debug|Any CPU = Debug|Any CPU
		Release|Any CPU = Release|Any CPU
	EndGlobalSection
	GlobalSection(ProjectConfigurationPlatforms) = postSolution
		{E48B18E8-D743-47D8-8858-4C814837E8EC}.Debug|Any CPU.ActiveCfg = Debug|Any CPU
		{E48B18E8-D743-47D8-8858-4C814837E8EC}.Debug|Any CPU.Build.0 = Debug|Any CPU
		{E48B18E8-D743-47D8-8858-4C814837E8EC}.Release|Any CPU.ActiveCfg = Release|Any CPU
		{E48B18E8-D743-47D8-8858-4C814837E8EC}.Release|Any CPU.Build.0 = Release|Any CPU
	EndGlobalSection
	GlobalSection(SolutionProperties) = preSolution
		HideSolutionNode = FALSE
	EndGlobalSection
	GlobalSection(ExtensibilityGlobals) = postSolution
		SolutionGuid = {C4F16BA1-6B17-4E5F-928D-431445375FC3}
	EndGlobalSection
EndGlobal
